
Microsoft Visual Studio Solution File, Format Version 12.00
# Visual Studio Version 17
VisualStudioVersion = 17.8.34309.116
MinimumVisualStudioVersion = 10.0.40219.1
Project("{FAE04EC0-301F-11D3-BF4B-00C04F79EFBC}") = "SportsNotifier", "SportsNotifier.csproj", "{9F947A37-27AE-4277-8D42-24764E489EAB}"
EndProject
Global
	GlobalSection(SolutionConfigurationPlatforms) = preSolution
		Debug|Any CPU = Debug|Any CPU
		Release|Any CPU = Release|Any CPU
	EndGlobalSection
	GlobalSection(ProjectConfigurationPlatforms) = postSolution
		{9F947A37-27AE-4277-8D42-24764E489EAB}.Debug|Any CPU.ActiveCfg = Debug|Any CPU
		{9F947A37-27AE-4277-8D42-24764E489EAB}.Debug|Any CPU.Build.0 = Debug|Any CPU
		{9F947A37-27AE-4277-8D42-24764E489EAB}.Release|Any CPU.ActiveCfg = Release|Any CPU
		{9F947A37-27AE-4277-8D42-24764E489EAB}.Release|Any CPU.Build.0 = Release|Any CPU
	EndGlobalSection
	GlobalSection(SolutionProperties) = preSolution
		HideSolutionNode = FALSE
	EndGlobalSection
	GlobalSection(ExtensibilityGlobals) = postSolution
		SolutionGuid = {D6AC8AE1-F11F-41D1-823F-833F10D05DDD}
	EndGlobalSection
EndGlobal
